PODS:
  - Alamofire (4.8.2)
  - Kingfisher (4.10.1)
  - SVProgressHUD (2.2.5)

DEPENDENCIES:
  - Alamofire
  - Kingfisher
  - SVProgressHUD

SPEC REPOS:
  https://github.com/cocoapods/specs.git:
    - Alamofire
    - Kingfisher
    - SVProgressHUD

SPEC CHECKSUMS:
  Alamofire: ae5c501addb7afdbb13687d7f2f722c78734c2d3
  Kingfisher: c148cd7b47ebde9989f6bc7c27dcaa79d81279a0
  SVProgressHUD: 1428aafac632c1f86f62aa4243ec12008d7a51d6

PODFILE CHECKSUM: fa4be4582ab37a2744d70dbcadfa70dad6f5e009

COCOAPODS: 1.7.5
