// !$*UTF8*$!
{
	archiveVersion = 1;
	classes = {
	};
	objectVersion = 50;
	objects = {

/* Begin PBXBuildFile section */
		214BA65122A510B5005BE38C /* Main.storyboard in Resources */ = {isa = PBXBuildFile; fileRef = 214BA64E22A510B5005BE38C /* Main.storyboard */; };
		214BA65222A510B5005BE38C /* MovieListCustomCell.xib in Resources */ = {isa = PBXBuildFile; fileRef = 214BA64F22A510B5005BE38C /* MovieListCustomCell.xib */; };
		214BA65322A510B5005BE38C /* ViewController.swift in Sources */ = {isa = PBXBuildFile; fileRef = 214BA65022A510B5005BE38C /* ViewController.swift */; };
		214BA65B22A510F6005BE38C /* SearchiTunesMoviesUITests.swift in Sources */ = {isa = PBXBuildFile; fileRef = 214BA65A22A510F6005BE38C /* SearchiTunesMoviesUITests.swift */; };
		214BA66922A517A4005BE38C /* Connectivity.swift in Sources */ = {isa = PBXBuildFile; fileRef = 214BA66822A517A4005BE38C /* Connectivity.swift */; };
		214BA66B22A52D09005BE38C /* HTTPRequestManager.swift in Sources */ = {isa = PBXBuildFile; fileRef = 214BA66A22A52D09005BE38C /* HTTPRequestManager.swift */; };
		214BA66F22A58F73005BE38C /* Constants.swift in Sources */ = {isa = PBXBuildFile; fileRef = 214BA66E22A58F73005BE38C /* Constants.swift */; };
		214BA67122A5B8C8005BE38C /* HTTPMethod.swift in Sources */ = {isa = PBXBuildFile; fileRef = 214BA67022A5B8C8005BE38C /* HTTPMethod.swift */; };
		21C33BC622A1943500A8765A /* AppDelegate.swift in Sources */ = {isa = PBXBuildFile; fileRef = 21C33BC522A1943500A8765A /* AppDelegate.swift */; };
		21C33BCD22A1943700A8765A /* Assets.xcassets in Resources */ = {isa = PBXBuildFile; fileRef = 21C33BCC22A1943700A8765A /* Assets.xcassets */; };
		21C33BD022A1943700A8765A /* LaunchScreen.storyboard in Resources */ = {isa = PBXBuildFile; fileRef = 21C33BCE22A1943700A8765A /* LaunchScreen.storyboard */; };
		21C33BDB22A1943700A8765A /* SearchiTunesMoviesTests.swift in Sources */ = {isa = PBXBuildFile; fileRef = 21C33BDA22A1943700A8765A /* SearchiTunesMoviesTests.swift */; };
		21C33BFB22A19B3200A8765A /* MovieListCustomCell.swift in Sources */ = {isa = PBXBuildFile; fileRef = 21C33BF922A19B3200A8765A /* MovieListCustomCell.swift */; };
		21C33BFE22A19F2400A8765A /* Movie.swift in Sources */ = {isa = PBXBuildFile; fileRef = 21C33BFD22A19F2400A8765A /* Movie.swift */; };
		36DB409165CCE4C1E2603441 /* Pods_SearchiTunesMoviesTests.framework in Frameworks */ = {isa = PBXBuildFile; fileRef = B2B672A1C983684A94DD4CB2 /* Pods_SearchiTunesMoviesTests.framework */; };
		A65FD4762E5EED73FA083194 /* Pods_SearchiTunesMovies.framework in Frameworks */ = {isa = PBXBuildFile; fileRef = EF9B142BDFD49700BBB32913 /* Pods_SearchiTunesMovies.framework */; };
/* End PBXBuildFile section */

/* Begin PBXContainerItemProxy section */
		214BA65D22A510F6005BE38C /* PBXContainerItemProxy */ = {
			isa = PBXContainerItemProxy;
			containerPortal = 21C33BBA22A1943500A8765A /* Project object */;
			proxyType = 1;
			remoteGlobalIDString = 21C33BC122A1943500A8765A;
			remoteInfo = SearchiTunesMovies;
		};
		21C33BD722A1943700A8765A /* PBXContainerItemProxy */ = {
			isa = PBXContainerItemProxy;
			containerPortal = 21C33BBA22A1943500A8765A /* Project object */;
			proxyType = 1;
			remoteGlobalIDString = 21C33BC122A1943500A8765A;
			remoteInfo = SearchiTunesMovies;
		};
/* End PBXContainerItemProxy section */

/* Begin PBXFileReference section */
		0174C58E84D6A662B744F872 /* Pods-SearchiTunesMovies.release.xcconfig */ = {isa = PBXFileReference; includeInIndex = 1; lastKnownFileType = text.xcconfig; name = "Pods-SearchiTunesMovies.release.xcconfig"; path = "Target Support Files/Pods-SearchiTunesMovies/Pods-SearchiTunesMovies.release.xcconfig"; sourceTree = "<group>"; };
		0A1E7921DCFA96CBC2C1E928 /* Pods_SearchiTunesMoviesUITests.framework */ = {isa = PBXFileReference; explicitFileType = wrapper.framework; includeInIndex = 0; path = Pods_SearchiTunesMoviesUITests.framework; sourceTree = BUILT_PRODUCTS_DIR; };
		1489B542E7669284EA0C7292 /* Pods-SearchiTunesMoviesTests.release.xcconfig */ = {isa = PBXFileReference; includeInIndex = 1; lastKnownFileType = text.xcconfig; name = "Pods-SearchiTunesMoviesTests.release.xcconfig"; path = "Target Support Files/Pods-SearchiTunesMoviesTests/Pods-SearchiTunesMoviesTests.release.xcconfig"; sourceTree = "<group>"; };
		214BA64E22A510B5005BE38C /* Main.storyboard */ = {isa = PBXFileReference; fileEncoding = 4; lastKnownFileType = file.storyboard; path = Main.storyboard; sourceTree = "<group>"; };
		214BA64F22A510B5005BE38C /* MovieListCustomCell.xib */ = {isa = PBXFileReference; fileEncoding = 4; lastKnownFileType = file.xib; path = MovieListCustomCell.xib; sourceTree = "<group>"; };
		214BA65022A510B5005BE38C /* ViewController.swift */ = {isa = PBXFileReference; fileEncoding = 4; lastKnownFileType = sourcecode.swift; path = ViewController.swift; sourceTree = "<group>"; };
		214BA65822A510F6005BE38C /* SearchiTunesMoviesUITests.xctest */ = {isa = PBXFileReference; explicitFileType = wrapper.cfbundle; includeInIndex = 0; path = SearchiTunesMoviesUITests.xctest; sourceTree = BUILT_PRODUCTS_DIR; };
		214BA65A22A510F6005BE38C /* SearchiTunesMoviesUITests.swift */ = {isa = PBXFileReference; lastKnownFileType = sourcecode.swift; path = SearchiTunesMoviesUITests.swift; sourceTree = "<group>"; };
		214BA65C22A510F6005BE38C /* Info.plist */ = {isa = PBXFileReference; lastKnownFileType = text.plist.xml; path = Info.plist; sourceTree = "<group>"; };
		214BA66822A517A4005BE38C /* Connectivity.swift */ = {isa = PBXFileReference; lastKnownFileType = sourcecode.swift; path = Connectivity.swift; sourceTree = "<group>"; };
		214BA66A22A52D09005BE38C /* HTTPRequestManager.swift */ = {isa = PBXFileReference; lastKnownFileType = sourcecode.swift; path = HTTPRequestManager.swift; sourceTree = "<group>"; };
		214BA66E22A58F73005BE38C /* Constants.swift */ = {isa = PBXFileReference; lastKnownFileType = sourcecode.swift; path = Constants.swift; sourceTree = "<group>"; };
		214BA67022A5B8C8005BE38C /* HTTPMethod.swift */ = {isa = PBXFileReference; lastKnownFileType = sourcecode.swift; path = HTTPMethod.swift; sourceTree = "<group>"; };
		21C33BC222A1943500A8765A /* SearchiTunesMovies.app */ = {isa = PBXFileReference; explicitFileType = wrapper.application; includeInIndex = 0; path = SearchiTunesMovies.app; sourceTree = BUILT_PRODUCTS_DIR; };
		21C33BC522A1943500A8765A /* AppDelegate.swift */ = {isa = PBXFileReference; lastKnownFileType = sourcecode.swift; path = AppDelegate.swift; sourceTree = "<group>"; };
		21C33BCC22A1943700A8765A /* Assets.xcassets */ = {isa = PBXFileReference; lastKnownFileType = folder.assetcatalog; path = Assets.xcassets; sourceTree = "<group>"; };
		21C33BCF22A1943700A8765A /* Base */ = {isa = PBXFileReference; lastKnownFileType = file.storyboard; name = Base; path = Base.lproj/LaunchScreen.storyboard; sourceTree = "<group>"; };
		21C33BD122A1943700A8765A /* Info.plist */ = {isa = PBXFileReference; lastKnownFileType = text.plist.xml; path = Info.plist; sourceTree = "<group>"; };
		21C33BD622A1943700A8765A /* SearchiTunesMoviesTests.xctest */ = {isa = PBXFileReference; explicitFileType = wrapper.cfbundle; includeInIndex = 0; path = SearchiTunesMoviesTests.xctest; sourceTree = BUILT_PRODUCTS_DIR; };
		21C33BDA22A1943700A8765A /* SearchiTunesMoviesTests.swift */ = {isa = PBXFileReference; lastKnownFileType = sourcecode.swift; path = SearchiTunesMoviesTests.swift; sourceTree = "<group>"; };
		21C33BDC22A1943700A8765A /* Info.plist */ = {isa = PBXFileReference; lastKnownFileType = text.plist.xml; path = Info.plist; sourceTree = "<group>"; };
		21C33BF922A19B3200A8765A /* MovieListCustomCell.swift */ = {isa = PBXFileReference; lastKnownFileType = sourcecode.swift; path = MovieListCustomCell.swift; sourceTree = "<group>"; };
		21C33BFD22A19F2400A8765A /* Movie.swift */ = {isa = PBXFileReference; lastKnownFileType = sourcecode.swift; path = Movie.swift; sourceTree = "<group>"; };
		953182D7B43D963601C4A609 /* Pods-SearchiTunesMoviesUITests.release.xcconfig */ = {isa = PBXFileReference; includeInIndex = 1; lastKnownFileType = text.xcconfig; name = "Pods-SearchiTunesMoviesUITests.release.xcconfig"; path = "Target Support Files/Pods-SearchiTunesMoviesUITests/Pods-SearchiTunesMoviesUITests.release.xcconfig"; sourceTree = "<group>"; };
		B2B672A1C983684A94DD4CB2 /* Pods_SearchiTunesMoviesTests.framework */ = {isa = PBXFileReference; explicitFileType = wrapper.framework; includeInIndex = 0; path = Pods_SearchiTunesMoviesTests.framework; sourceTree = BUILT_PRODUCTS_DIR; };
		CF3472D2B784F71BA7AF52B2 /* Pods-SearchiTunesMovies.debug.xcconfig */ = {isa = PBXFileReference; includeInIndex = 1; lastKnownFileType = text.xcconfig; name = "Pods-SearchiTunesMovies.debug.xcconfig"; path = "Target Support Files/Pods-SearchiTunesMovies/Pods-SearchiTunesMovies.debug.xcconfig"; sourceTree = "<group>"; };
		EDA741F96A51026FF6B9BBEB /* Pods-SearchiTunesMoviesTests.debug.xcconfig */ = {isa = PBXFileReference; includeInIndex = 1; lastKnownFileType = text.xcconfig; name = "Pods-SearchiTunesMoviesTests.debug.xcconfig"; path = "Target Support Files/Pods-SearchiTunesMoviesTests/Pods-SearchiTunesMoviesTests.debug.xcconfig"; sourceTree = "<group>"; };
		EF9B142BDFD49700BBB32913 /* Pods_SearchiTunesMovies.framework */ = {isa = PBXFileReference; explicitFileType = wrapper.framework; includeInIndex = 0; path = Pods_SearchiTunesMovies.framework; sourceTree = BUILT_PRODUCTS_DIR; };
		F7BEB328426F72918308CE20 /* Pods-SearchiTunesMoviesUITests.debug.xcconfig */ = {isa = PBXFileReference; includeInIndex = 1; lastKnownFileType = text.xcconfig; name = "Pods-SearchiTunesMoviesUITests.debug.xcconfig"; path = "Target Support Files/Pods-SearchiTunesMoviesUITests/Pods-SearchiTunesMoviesUITests.debug.xcconfig"; sourceTree = "<group>"; };
/* End PBXFileReference section */

/* Begin PBXFrameworksBuildPhase section */
		214BA65522A510F6005BE38C /* Frameworks */ = {
			isa = PBXFrameworksBuildPhase;
			buildActionMask = 2147483647;
			files = (
			);
			runOnlyForDeploymentPostprocessing = 0;
		};
		21C33BBF22A1943500A8765A /* Frameworks */ = {
			isa = PBXFrameworksBuildPhase;
			buildActionMask = 2147483647;
			files = (
				A65FD4762E5EED73FA083194 /* Pods_SearchiTunesMovies.framework in Frameworks */,
			);
			runOnlyForDeploymentPostprocessing = 0;
		};
		21C33BD322A1943700A8765A /* Frameworks */ = {
			isa = PBXFrameworksBuildPhase;
			buildActionMask = 2147483647;
			files = (
				36DB409165CCE4C1E2603441 /* Pods_SearchiTunesMoviesTests.framework in Frameworks */,
			);
			runOnlyForDeploymentPostprocessing = 0;
		};
/* End PBXFrameworksBuildPhase section */

/* Begin PBXGroup section */
		214BA65922A510F6005BE38C /* SearchiTunesMoviesUITests */ = {
			isa = PBXGroup;
			children = (
				214BA65A22A510F6005BE38C /* SearchiTunesMoviesUITests.swift */,
				214BA65C22A510F6005BE38C /* Info.plist */,
			);
			path = SearchiTunesMoviesUITests;
			sourceTree = "<group>";
		};
		214BA66222A5120F005BE38C /* Model */ = {
			isa = PBXGroup;
			children = (
				21C33BFD22A19F2400A8765A /* Movie.swift */,
			);
			path = Model;
			sourceTree = "<group>";
		};
		214BA66322A5124C005BE38C /* View */ = {
			isa = PBXGroup;
			children = (
				214BA64E22A510B5005BE38C /* Main.storyboard */,
				214BA64F22A510B5005BE38C /* MovieListCustomCell.xib */,
				21C33BCE22A1943700A8765A /* LaunchScreen.storyboard */,
			);
			path = View;
			sourceTree = "<group>";
		};
		214BA66422A51281005BE38C /* Controller */ = {
			isa = PBXGroup;
			children = (
				214BA65022A510B5005BE38C /* ViewController.swift */,
				21C33BF922A19B3200A8765A /* MovieListCustomCell.swift */,
			);
			path = Controller;
			sourceTree = "<group>";
		};
		214BA66722A5175B005BE38C /* Network */ = {
			isa = PBXGroup;
			children = (
				214BA66822A517A4005BE38C /* Connectivity.swift */,
				214BA66A22A52D09005BE38C /* HTTPRequestManager.swift */,
				214BA67022A5B8C8005BE38C /* HTTPMethod.swift */,
			);
			path = Network;
			sourceTree = "<group>";
		};
		214BA66D22A58F5A005BE38C /* SupportingFiles */ = {
			isa = PBXGroup;
			children = (
				214BA66E22A58F73005BE38C /* Constants.swift */,
			);
			path = SupportingFiles;
			sourceTree = "<group>";
		};
		21C33BB922A1943500A8765A = {
			isa = PBXGroup;
			children = (
				21C33BC422A1943500A8765A /* SearchiTunesMovies */,
				21C33BD922A1943700A8765A /* SearchiTunesMoviesTests */,
				214BA65922A510F6005BE38C /* SearchiTunesMoviesUITests */,
				21C33BC322A1943500A8765A /* Products */,
				2DAD876938EB2921F23708FB /* Pods */,
				D8E9A99E6865E31EC505A8C7 /* Frameworks */,
			);
			sourceTree = "<group>";
		};
		21C33BC322A1943500A8765A /* Products */ = {
			isa = PBXGroup;
			children = (
				21C33BC222A1943500A8765A /* SearchiTunesMovies.app */,
				21C33BD622A1943700A8765A /* SearchiTunesMoviesTests.xctest */,
				214BA65822A510F6005BE38C /* SearchiTunesMoviesUITests.xctest */,
			);
			name = Products;
			sourceTree = "<group>";
		};
		21C33BC422A1943500A8765A /* SearchiTunesMovies */ = {
			isa = PBXGroup;
			children = (
				214BA66D22A58F5A005BE38C /* SupportingFiles */,
				214BA66722A5175B005BE38C /* Network */,
				214BA66422A51281005BE38C /* Controller */,
				214BA66322A5124C005BE38C /* View */,
				214BA66222A5120F005BE38C /* Model */,
				21C33BC522A1943500A8765A /* AppDelegate.swift */,
				21C33BCC22A1943700A8765A /* Assets.xcassets */,
				21C33BD122A1943700A8765A /* Info.plist */,
			);
			path = SearchiTunesMovies;
			sourceTree = "<group>";
		};
		21C33BD922A1943700A8765A /* SearchiTunesMoviesTests */ = {
			isa = PBXGroup;
			children = (
				21C33BDA22A1943700A8765A /* SearchiTunesMoviesTests.swift */,
				21C33BDC22A1943700A8765A /* Info.plist */,
			);
			path = SearchiTunesMoviesTests;
			sourceTree = "<group>";
		};
		2DAD876938EB2921F23708FB /* Pods */ = {
			isa = PBXGroup;
			children = (
				CF3472D2B784F71BA7AF52B2 /* Pods-SearchiTunesMovies.debug.xcconfig */,
				0174C58E84D6A662B744F872 /* Pods-SearchiTunesMovies.release.xcconfig */,
				EDA741F96A51026FF6B9BBEB /* Pods-SearchiTunesMoviesTests.debug.xcconfig */,
				1489B542E7669284EA0C7292 /* Pods-SearchiTunesMoviesTests.release.xcconfig */,
				F7BEB328426F72918308CE20 /* Pods-SearchiTunesMoviesUITests.debug.xcconfig */,
				953182D7B43D963601C4A609 /* Pods-SearchiTunesMoviesUITests.release.xcconfig */,
			);
			path = Pods;
			sourceTree = "<group>";
		};
		D8E9A99E6865E31EC505A8C7 /* Frameworks */ = {
			isa = PBXGroup;
			children = (
				EF9B142BDFD49700BBB32913 /* Pods_SearchiTunesMovies.framework */,
				B2B672A1C983684A94DD4CB2 /* Pods_SearchiTunesMoviesTests.framework */,
				0A1E7921DCFA96CBC2C1E928 /* Pods_SearchiTunesMoviesUITests.framework */,
			);
			name = Frameworks;
			sourceTree = "<group>";
		};
/* End PBXGroup section */

/* Begin PBXNativeTarget section */
		214BA65722A510F6005BE38C /* SearchiTunesMoviesUITests */ = {
			isa = PBXNativeTarget;
			buildConfigurationList = 214BA65F22A510F6005BE38C /* Build configuration list for PBXNativeTarget "SearchiTunesMoviesUITests" */;
			buildPhases = (
				214BA65422A510F6005BE38C /* Sources */,
				214BA65522A510F6005BE38C /* Frameworks */,
				214BA65622A510F6005BE38C /* Resources */,
			);
			buildRules = (
			);
			dependencies = (
				214BA65E22A510F6005BE38C /* PBXTargetDependency */,
			);
			name = SearchiTunesMoviesUITests;
			productName = SearchiTunesMoviesUITests;
			productReference = 214BA65822A510F6005BE38C /* SearchiTunesMoviesUITests.xctest */;
			productType = "com.apple.product-type.bundle.ui-testing";
		};
		21C33BC122A1943500A8765A /* SearchiTunesMovies */ = {
			isa = PBXNativeTarget;
			buildConfigurationList = 21C33BEA22A1943700A8765A /* Build configuration list for PBXNativeTarget "SearchiTunesMovies" */;
			buildPhases = (
				B9D846A01E824AC14DF7486F /* [CP] Check Pods Manifest.lock */,
				21C33BBE22A1943500A8765A /* Sources */,
				21C33BBF22A1943500A8765A /* Frameworks */,
				21C33BC022A1943500A8765A /* Resources */,
				5182A11BFB92068A362BDE69 /* [CP] Embed Pods Frameworks */,
			);
			buildRules = (
			);
			dependencies = (
			);
			name = SearchiTunesMovies;
			productName = SearchiTunesMovies;
			productReference = 21C33BC222A1943500A8765A /* SearchiTunesMovies.app */;
			productType = "com.apple.product-type.application";
		};
		21C33BD522A1943700A8765A /* SearchiTunesMoviesTests */ = {
			isa = PBXNativeTarget;
			buildConfigurationList = 21C33BED22A1943700A8765A /* Build configuration list for PBXNativeTarget "SearchiTunesMoviesTests" */;
			buildPhases = (
				9771A98CD9208FCB3220A0A1 /* [CP] Check Pods Manifest.lock */,
				21C33BD222A1943700A8765A /* Sources */,
				21C33BD322A1943700A8765A /* Frameworks */,
				21C33BD422A1943700A8765A /* Resources */,
			);
			buildRules = (
			);
			dependencies = (
				21C33BD822A1943700A8765A /* PBXTargetDependency */,
			);
			name = SearchiTunesMoviesTests;
			productName = SearchiTunesMoviesTests;
			productReference = 21C33BD622A1943700A8765A /* SearchiTunesMoviesTests.xctest */;
			productType = "com.apple.product-type.bundle.unit-test";
		};
/* End PBXNativeTarget section */

/* Begin PBXProject section */
		21C33BBA22A1943500A8765A /* Project object */ = {
			isa = PBXProject;
			attributes = {
				LastSwiftUpdateCheck = 1020;
				LastUpgradeCheck = 1020;
				ORGANIZATIONNAME = "Jahid Bashar";
				TargetAttributes = {
					214BA65722A510F6005BE38C = {
						CreatedOnToolsVersion = 10.2.1;
						TestTargetID = 21C33BC122A1943500A8765A;
					};
					21C33BC122A1943500A8765A = {
						CreatedOnToolsVersion = 10.2.1;
					};
					21C33BD522A1943700A8765A = {
						CreatedOnToolsVersion = 10.2.1;
						TestTargetID = 21C33BC122A1943500A8765A;
					};
				};
			};
			buildConfigurationList = 21C33BBD22A1943500A8765A /* Build configuration list for PBXProject "SearchiTunesMovies" */;
			compatibilityVersion = "Xcode 9.3";
			developmentRegion = en;
			hasScannedForEncodings = 0;
			knownRegions = (
				en,
				Base,
			);
			mainGroup = 21C33BB922A1943500A8765A;
			productRefGroup = 21C33BC322A1943500A8765A /* Products */;
			projectDirPath = "";
			projectRoot = "";
			targets = (
				21C33BC122A1943500A8765A /* SearchiTunesMovies */,
				21C33BD522A1943700A8765A /* SearchiTunesMoviesTests */,
				214BA65722A510F6005BE38C /* SearchiTunesMoviesUITests */,
			);
		};
/* End PBXProject section */

/* Begin PBXResourcesBuildPhase section */
		214BA65622A510F6005BE38C /* Resources */ = {
			isa = PBXResourcesBuildPhase;
			buildActionMask = 2147483647;
			files = (
			);
			runOnlyForDeploymentPostprocessing = 0;
		};
		21C33BC022A1943500A8765A /* Resources */ = {
			isa = PBXResourcesBuildPhase;
			buildActionMask = 2147483647;
			files = (
				214BA65122A510B5005BE38C /* Main.storyboard in Resources */,
				21C33BD022A1943700A8765A /* LaunchScreen.storyboard in Resources */,
				21C33BCD22A1943700A8765A /* Assets.xcassets in Resources */,
				214BA65222A510B5005BE38C /* MovieListCustomCell.xib in Resources */,
			);
			runOnlyForDeploymentPostprocessing = 0;
		};
		21C33BD422A1943700A8765A /* Resources */ = {
			isa = PBXResourcesBuildPhase;
			buildActionMask = 2147483647;
			files = (
			);
			runOnlyForDeploymentPostprocessing = 0;
		};
/* End PBXResourcesBuildPhase section */

/* Begin PBXShellScriptBuildPhase section */
		5182A11BFB92068A362BDE69 /* [CP] Embed Pods Frameworks */ = {
			isa = PBXShellScriptBuildPhase;
			buildActionMask = 2147483647;
			files = (
			);
			inputFileListPaths = (
			);
			inputPaths = (
				"${PODS_ROOT}/Target Support Files/Pods-SearchiTunesMovies/Pods-SearchiTunesMovies-frameworks.sh",
				"${BUILT_PRODUCTS_DIR}/Alamofire/Alamofire.framework",
				"${BUILT_PRODUCTS_DIR}/Kingfisher/Kingfisher.framework",
				"${BUILT_PRODUCTS_DIR}/SVProgressHUD/SVProgressHUD.framework",
				"${BUILT_PRODUCTS_DIR}/SwiftyJSON/SwiftyJSON.framework",
			);
			name = "[CP] Embed Pods Frameworks";
			outputFileListPaths = (
			);
			outputPaths = (
				"${TARGET_BUILD_DIR}/${FRAMEWORKS_FOLDER_PATH}/Alamofire.framework",
				"${TARGET_BUILD_DIR}/${FRAMEWORKS_FOLDER_PATH}/Kingfisher.framework",
				"${TARGET_BUILD_DIR}/${FRAMEWORKS_FOLDER_PATH}/SVProgressHUD.framework",
				"${TARGET_BUILD_DIR}/${FRAMEWORKS_FOLDER_PATH}/SwiftyJSON.framework",
			);
			runOnlyForDeploymentPostprocessing = 0;
			shellPath = /bin/sh;
			shellScript = "\"${PODS_ROOT}/Target Support Files/Pods-SearchiTunesMovies/Pods-SearchiTunesMovies-frameworks.sh\"\n";
			showEnvVarsInLog = 0;
		};
		9771A98CD9208FCB3220A0A1 /* [CP] Check Pods Manifest.lock */ = {
			isa = PBXShellScriptBuildPhase;
			buildActionMask = 2147483647;
			files = (
			);
			inputFileListPaths = (
			);
			inputPaths = (
				"${PODS_PODFILE_DIR_PATH}/Podfile.lock",
				"${PODS_ROOT}/Manifest.lock",
			);
			name = "[CP] Check Pods Manifest.lock";
			outputFileListPaths = (
			);
			outputPaths = (
				"$(DERIVED_FILE_DIR)/Pods-SearchiTunesMoviesTests-checkManifestLockResult.txt",
			);
			runOnlyForDeploymentPostprocessing = 0;
			shellPath = /bin/sh;
			shellScript = "diff \"${PODS_PODFILE_DIR_PATH}/Podfile.lock\" \"${PODS_ROOT}/Manifest.lock\" > /dev/null\nif [ $? != 0 ] ; then\n    # print error to STDERR\n    echo \"error: The sandbox is not in sync with the Podfile.lock. Run 'pod install' or update your CocoaPods installation.\" >&2\n    exit 1\nfi\n# This output is used by Xcode 'outputs' to avoid re-running this script phase.\necho \"SUCCESS\" > \"${SCRIPT_OUTPUT_FILE_0}\"\n";
			showEnvVarsInLog = 0;
		};
		B9D846A01E824AC14DF7486F /* [CP] Check Pods Manifest.lock */ = {
			isa = PBXShellScriptBuildPhase;
			buildActionMask = 2147483647;
			files = (
			);
			inputFileListPaths = (
			);
			inputPaths = (
				"${PODS_PODFILE_DIR_PATH}/Podfile.lock",
				"${PODS_ROOT}/Manifest.lock",
			);
			name = "[CP] Check Pods Manifest.lock";
			outputFileListPaths = (
			);
			outputPaths = (
				"$(DERIVED_FILE_DIR)/Pods-SearchiTunesMovies-checkManifestLockResult.txt",
			);
			runOnlyForDeploymentPostprocessing = 0;
			shellPath = /bin/sh;
			shellScript = "diff \"${PODS_PODFILE_DIR_PATH}/Podfile.lock\" \"${PODS_ROOT}/Manifest.lock\" > /dev/null\nif [ $? != 0 ] ; then\n    # print error to STDERR\n    echo \"error: The sandbox is not in sync with the Podfile.lock. Run 'pod install' or update your CocoaPods installation.\" >&2\n    exit 1\nfi\n# This output is used by Xcode 'outputs' to avoid re-running this script phase.\necho \"SUCCESS\" > \"${SCRIPT_OUTPUT_FILE_0}\"\n";
			showEnvVarsInLog = 0;
		};
/* End PBXShellScriptBuildPhase section */

/* Begin PBXSourcesBuildPhase section */
		214BA65422A510F6005BE38C /* Sources */ = {
			isa = PBXSourcesBuildPhase;
			buildActionMask = 2147483647;
			files = (
				214BA65B22A510F6005BE38C /* SearchiTunesMoviesUITests.swift in Sources */,
			);
			runOnlyForDeploymentPostprocessing = 0;
		};
		21C33BBE22A1943500A8765A /* Sources */ = {
			isa = PBXSourcesBuildPhase;
			buildActionMask = 2147483647;
			files = (
				214BA66922A517A4005BE38C /* Connectivity.swift in Sources */,
				21C33BFB22A19B3200A8765A /* MovieListCustomCell.swift in Sources */,
				21C33BFE22A19F2400A8765A /* Movie.swift in Sources */,
				214BA65322A510B5005BE38C /* ViewController.swift in Sources */,
				214BA67122A5B8C8005BE38C /* HTTPMethod.swift in Sources */,
				214BA66F22A58F73005BE38C /* Constants.swift in Sources */,
				21C33BC622A1943500A8765A /* AppDelegate.swift in Sources */,
				214BA66B22A52D09005BE38C /* HTTPRequestManager.swift in Sources */,
			);
			runOnlyForDeploymentPostprocessing = 0;
		};
		21C33BD222A1943700A8765A /* Sources */ = {
			isa = PBXSourcesBuildPhase;
			buildActionMask = 2147483647;
			files = (
				21C33BDB22A1943700A8765A /* SearchiTunesMoviesTests.swift in Sources */,
			);
			runOnlyForDeploymentPostprocessing = 0;
		};
/* End PBXSourcesBuildPhase section */

/* Begin PBXTargetDependency section */
		214BA65E22A510F6005BE38C /* PBXTargetDependency */ = {
			isa = PBXTargetDependency;
			target = 21C33BC122A1943500A8765A /* SearchiTunesMovies */;
			targetProxy = 214BA65D22A510F6005BE38C /* PBXContainerItemProxy */;
		};
		21C33BD822A1943700A8765A /* PBXTargetDependency */ = {
			isa = PBXTargetDependency;
			target = 21C33BC122A1943500A8765A /* SearchiTunesMovies */;
			targetProxy = 21C33BD722A1943700A8765A /* PBXContainerItemProxy */;
		};
/* End PBXTargetDependency section */

/* Begin PBXVariantGroup section */
		21C33BCE22A1943700A8765A /* LaunchScreen.storyboard */ = {
			isa = PBXVariantGroup;
			children = (
				21C33BCF22A1943700A8765A /* Base */,
			);
			name = LaunchScreen.storyboard;
			sourceTree = "<group>";
		};
/* End PBXVariantGroup section */

/* Begin XCBuildConfiguration section */
		214BA66022A510F6005BE38C /* Debug */ = {
			isa = XCBuildConfiguration;
			buildSettings = {
				CODE_SIGN_STYLE = Automatic;
				DEVELOPMENT_TEAM = 3SGG42VR5Y;
				INFOPLIST_FILE = SearchiTunesMoviesUITests/Info.plist;
				LD_RUNPATH_SEARCH_PATHS = (
					"$(inherited)",
					"@executable_path/Frameworks",
					"@loader_path/Frameworks",
				);
				PRODUCT_BUNDLE_IDENTIFIER = com.bashar.SearchiTunesMoviesUITests;
				PRODUCT_NAME = "$(TARGET_NAME)";
				SWIFT_VERSION = 5.0;
				TARGETED_DEVICE_FAMILY = "1,2";
				TEST_TARGET_NAME = SearchiTunesMovies;
			};
			name = Debug;
		};
		214BA66122A510F6005BE38C /* Release */ = {
			isa = XCBuildConfiguration;
			buildSettings = {
				CODE_SIGN_STYLE = Automatic;
				DEVELOPMENT_TEAM = 3SGG42VR5Y;
				INFOPLIST_FILE = SearchiTunesMoviesUITests/Info.plist;
				LD_RUNPATH_SEARCH_PATHS = (
					"$(inherited)",
					"@executable_path/Frameworks",
					"@loader_path/Frameworks",
				);
				PRODUCT_BUNDLE_IDENTIFIER = com.bashar.SearchiTunesMoviesUITests;
				PRODUCT_NAME = "$(TARGET_NAME)";
				SWIFT_VERSION = 5.0;
				TARGETED_DEVICE_FAMILY = "1,2";
				TEST_TARGET_NAME = SearchiTunesMovies;
			};
			name = Release;
		};
		21C33BE822A1943700A8765A /* Debug */ = {
			isa = XCBuildConfiguration;
			buildSettings = {
				ALWAYS_SEARCH_USER_PATHS = NO;
				CLANG_ANALYZER_NONNULL = YES;
				CLANG_ANALYZER_NUMBER_OBJECT_CONVERSION = YES_AGGRESSIVE;
				CLANG_CXX_LANGUAGE_STANDARD = "gnu++14";
				CLANG_CXX_LIBRARY = "libc++";
				CLANG_ENABLE_MODULES = YES;
				CLANG_ENABLE_OBJC_ARC = YES;
				CLANG_ENABLE_OBJC_WEAK = YES;
				CLANG_WARN_BLOCK_CAPTURE_AUTORELEASING = YES;
				CLANG_WARN_BOOL_CONVERSION = YES;
				CLANG_WARN_COMMA = YES;
				CLANG_WARN_CONSTANT_CONVERSION = YES;
				CLANG_WARN_DEPRECATED_OBJC_IMPLEMENTATIONS = YES;
				CLANG_WARN_DIRECT_OBJC_ISA_USAGE = YES_ERROR;
				CLANG_WARN_DOCUMENTATION_COMMENTS = YES;
				CLANG_WARN_EMPTY_BODY = YES;
				CLANG_WARN_ENUM_CONVERSION = YES;
				CLANG_WARN_INFINITE_RECURSION = YES;
				CLANG_WARN_INT_CONVERSION = YES;
				CLANG_WARN_NON_LITERAL_NULL_CONVERSION = YES;
				CLANG_WARN_OBJC_IMPLICIT_RETAIN_SELF = YES;
				CLANG_WARN_OBJC_LITERAL_CONVERSION = YES;
				CLANG_WARN_OBJC_ROOT_CLASS = YES_ERROR;
				CLANG_WARN_RANGE_LOOP_ANALYSIS = YES;
				CLANG_WARN_STRICT_PROTOTYPES = YES;
				CLANG_WARN_SUSPICIOUS_MOVE = YES;
				CLANG_WARN_UNGUARDED_AVAILABILITY = YES_AGGRESSIVE;
				CLANG_WARN_UNREACHABLE_CODE = YES;
				CLANG_WARN__DUPLICATE_METHOD_MATCH = YES;
				CODE_SIGN_IDENTITY = "iPhone Developer";
				COPY_PHASE_STRIP = NO;
				DEBUG_INFORMATION_FORMAT = dwarf;
				ENABLE_STRICT_OBJC_MSGSEND = YES;
				ENABLE_TESTABILITY = YES;
				GCC_C_LANGUAGE_STANDARD = gnu11;
				GCC_DYNAMIC_NO_PIC = NO;
				GCC_NO_COMMON_BLOCKS = YES;
				GCC_OPTIMIZATION_LEVEL = 0;
				GCC_PREPROCESSOR_DEFINITIONS = (
					"DEBUG=1",
					"$(inherited)",
				);
				GCC_WARN_64_TO_32_BIT_CONVERSION = YES;
				GCC_WARN_ABOUT_RETURN_TYPE = YES_ERROR;
				GCC_WARN_UNDECLARED_SELECTOR = YES;
				GCC_WARN_UNINITIALIZED_AUTOS = YES_AGGRESSIVE;
				GCC_WARN_UNUSED_FUNCTION = YES;
				GCC_WARN_UNUSED_VARIABLE = YES;
				IPHONEOS_DEPLOYMENT_TARGET = 12.2;
				MTL_ENABLE_DEBUG_INFO = INCLUDE_SOURCE;
				MTL_FAST_MATH = YES;
				ONLY_ACTIVE_ARCH = YES;
				SDKROOT = iphoneos;
				SWIFT_ACTIVE_COMPILATION_CONDITIONS = DEBUG;
				SWIFT_OPTIMIZATION_LEVEL = "-Onone";
			};
			name = Debug;
		};
		21C33BE922A1943700A8765A /* Release */ = {
			isa = XCBuildConfiguration;
			buildSettings = {
				ALWAYS_SEARCH_USER_PATHS = NO;
				CLANG_ANALYZER_NONNULL = YES;
				CLANG_ANALYZER_NUMBER_OBJECT_CONVERSION = YES_AGGRESSIVE;
				CLANG_CXX_LANGUAGE_STANDARD = "gnu++14";
				CLANG_CXX_LIBRARY = "libc++";
				CLANG_ENABLE_MODULES = YES;
				CLANG_ENABLE_OBJC_ARC = YES;
				CLANG_ENABLE_OBJC_WEAK = YES;
				CLANG_WARN_BLOCK_CAPTURE_AUTORELEASING = YES;
				CLANG_WARN_BOOL_CONVERSION = YES;
				CLANG_WARN_COMMA = YES;
				CLANG_WARN_CONSTANT_CONVERSION = YES;
				CLANG_WARN_DEPRECATED_OBJC_IMPLEMENTATIONS = YES;
				CLANG_WARN_DIRECT_OBJC_ISA_USAGE = YES_ERROR;
				CLANG_WARN_DOCUMENTATION_COMMENTS = YES;
				CLANG_WARN_EMPTY_BODY = YES;
				CLANG_WARN_ENUM_CONVERSION = YES;
				CLANG_WARN_INFINITE_RECURSION = YES;
				CLANG_WARN_INT_CONVERSION = YES;
				CLANG_WARN_NON_LITERAL_NULL_CONVERSION = YES;
				CLANG_WARN_OBJC_IMPLICIT_RETAIN_SELF = YES;
				CLANG_WARN_OBJC_LITERAL_CONVERSION = YES;
				CLANG_WARN_OBJC_ROOT_CLASS = YES_ERROR;
				CLANG_WARN_RANGE_LOOP_ANALYSIS = YES;
				CLANG_WARN_STRICT_PROTOTYPES = YES;
				CLANG_WARN_SUSPICIOUS_MOVE = YES;
				CLANG_WARN_UNGUARDED_AVAILABILITY = YES_AGGRESSIVE;
				CLANG_WARN_UNREACHABLE_CODE = YES;
				CLANG_WARN__DUPLICATE_METHOD_MATCH = YES;
				CODE_SIGN_IDENTITY = "iPhone Developer";
				COPY_PHASE_STRIP = NO;
				DEBUG_INFORMATION_FORMAT = "dwarf-with-dsym";
				ENABLE_NS_ASSERTIONS = NO;
				ENABLE_STRICT_OBJC_MSGSEND = YES;
				GCC_C_LANGUAGE_STANDARD = gnu11;
				GCC_NO_COMMON_BLOCKS = YES;
				GCC_WARN_64_TO_32_BIT_CONVERSION = YES;
				GCC_WARN_ABOUT_RETURN_TYPE = YES_ERROR;
				GCC_WARN_UNDECLARED_SELECTOR = YES;
				GCC_WARN_UNINITIALIZED_AUTOS = YES_AGGRESSIVE;
				GCC_WARN_UNUSED_FUNCTION = YES;
				GCC_WARN_UNUSED_VARIABLE = YES;
				IPHONEOS_DEPLOYMENT_TARGET = 12.2;
				MTL_ENABLE_DEBUG_INFO = NO;
				MTL_FAST_MATH = YES;
				SDKROOT = iphoneos;
				SWIFT_COMPILATION_MODE = wholemodule;
				SWIFT_OPTIMIZATION_LEVEL = "-O";
				VALIDATE_PRODUCT = YES;
			};
			name = Release;
		};
		21C33BEB22A1943700A8765A /* Debug */ = {
			isa = XCBuildConfiguration;
			baseConfigurationReference = CF3472D2B784F71BA7AF52B2 /* Pods-SearchiTunesMovies.debug.xcconfig */;
			buildSettings = {
				ASSETCATALOG_COMPILER_APPICON_NAME = AppIcon;
				CODE_SIGN_STYLE = Automatic;
				DEVELOPMENT_TEAM = 3SGG42VR5Y;
				INFOPLIST_FILE = SearchiTunesMovies/Info.plist;
				LD_RUNPATH_SEARCH_PATHS = (
					"$(inherited)",
					"@executable_path/Frameworks",
				);
				PRODUCT_BUNDLE_IDENTIFIER = com.bashar.SearchiTunesMovies;
				PRODUCT_NAME = "$(TARGET_NAME)";
				SWIFT_VERSION = 5.0;
				TARGETED_DEVICE_FAMILY = "1,2";
			};
			name = Debug;
		};
		21C33BEC22A1943700A8765A /* Release */ = {
			isa = XCBuildConfiguration;
			baseConfigurationReference = 0174C58E84D6A662B744F872 /* Pods-SearchiTunesMovies.release.xcconfig */;
			buildSettings = {
				ASSETCATALOG_COMPILER_APPICON_NAME = AppIcon;
				CODE_SIGN_STYLE = Automatic;
				DEVELOPMENT_TEAM = 3SGG42VR5Y;
				INFOPLIST_FILE = SearchiTunesMovies/Info.plist;
				LD_RUNPATH_SEARCH_PATHS = (
					"$(inherited)",
					"@executable_path/Frameworks",
				);
				PRODUCT_BUNDLE_IDENTIFIER = com.bashar.SearchiTunesMovies;
				PRODUCT_NAME = "$(TARGET_NAME)";
				SWIFT_VERSION = 5.0;
				TARGETED_DEVICE_FAMILY = "1,2";
			};
			name = Release;
		};
		21C33BEE22A1943700A8765A /* Debug */ = {
			isa = XCBuildConfiguration;
			baseConfigurationReference = EDA741F96A51026FF6B9BBEB /* Pods-SearchiTunesMoviesTests.debug.xcconfig */;
			buildSettings = {
				ALWAYS_EMBED_SWIFT_STANDARD_LIBRARIES = YES;
				BUNDLE_LOADER = "$(TEST_HOST)";
				CODE_SIGN_STYLE = Automatic;
				DEVELOPMENT_TEAM = 3SGG42VR5Y;
				INFOPLIST_FILE = SearchiTunesMoviesTests/Info.plist;
				LD_RUNPATH_SEARCH_PATHS = (
					"$(inherited)",
					"@executable_path/Frameworks",
					"@loader_path/Frameworks",
				);
				PRODUCT_BUNDLE_IDENTIFIER = com.bashar.SearchiTunesMoviesTests;
				PRODUCT_NAME = "$(TARGET_NAME)";
				SWIFT_VERSION = 5.0;
				TARGETED_DEVICE_FAMILY = "1,2";
				TEST_HOST = "$(BUILT_PRODUCTS_DIR)/SearchiTunesMovies.app/SearchiTunesMovies";
			};
			name = Debug;
		};
		21C33BEF22A1943700A8765A /* Release */ = {
			isa = XCBuildConfiguration;
			baseConfigurationReference = 1489B542E7669284EA0C7292 /* Pods-SearchiTunesMoviesTests.release.xcconfig */;
			buildSettings = {
				ALWAYS_EMBED_SWIFT_STANDARD_LIBRARIES = YES;
				BUNDLE_LOADER = "$(TEST_HOST)";
				CODE_SIGN_STYLE = Automatic;
				DEVELOPMENT_TEAM = 3SGG42VR5Y;
				INFOPLIST_FILE = SearchiTunesMoviesTests/Info.plist;
				LD_RUNPATH_SEARCH_PATHS = (
					"$(inherited)",
					"@executable_path/Frameworks",
					"@loader_path/Frameworks",
				);
				PRODUCT_BUNDLE_IDENTIFIER = com.bashar.SearchiTunesMoviesTests;
				PRODUCT_NAME = "$(TARGET_NAME)";
				SWIFT_VERSION = 5.0;
				TARGETED_DEVICE_FAMILY = "1,2";
				TEST_HOST = "$(BUILT_PRODUCTS_DIR)/SearchiTunesMovies.app/SearchiTunesMovies";
			};
			name = Release;
		};
/* End XCBuildConfiguration section */

/* Begin XCConfigurationList section */
		214BA65F22A510F6005BE38C /* Build configuration list for PBXNativeTarget "SearchiTunesMoviesUITests" */ = {
			isa = XCConfigurationList;
			buildConfigurations = (
				214BA66022A510F6005BE38C /* Debug */,
				214BA66122A510F6005BE38C /* Release */,
			);
			defaultConfigurationIsVisible = 0;
			defaultConfigurationName = Release;
		};
		21C33BBD22A1943500A8765A /* Build configuration list for PBXProject "SearchiTunesMovies" */ = {
			isa = XCConfigurationList;
			buildConfigurations = (
				21C33BE822A1943700A8765A /* Debug */,
				21C33BE922A1943700A8765A /* Release */,
			);
			defaultConfigurationIsVisible = 0;
			defaultConfigurationName = Release;
		};
		21C33BEA22A1943700A8765A /* Build configuration list for PBXNativeTarget "SearchiTunesMovies" */ = {
			isa = XCConfigurationList;
			buildConfigurations = (
				21C33BEB22A1943700A8765A /* Debug */,
				21C33BEC22A1943700A8765A /* Release */,
			);
			defaultConfigurationIsVisible = 0;
			defaultConfigurationName = Release;
		};
		21C33BED22A1943700A8765A /* Build configuration list for PBXNativeTarget "SearchiTunesMoviesTests" */ = {
			isa = XCConfigurationList;
			buildConfigurations = (
				21C33BEE22A1943700A8765A /* Debug */,
				21C33BEF22A1943700A8765A /* Release */,
			);
			defaultConfigurationIsVisible = 0;
			defaultConfigurationName = Release;
		};
/* End XCConfigurationList section */
	};
	rootObject = 21C33BBA22A1943500A8765A /* Project object */;
}
